# This file is automatically @generated by Cargo.
# It is not intended for manual editing.
version = 4

[[package]]
name = "ex01-variables"
version = "0.1.0"

[[package]]
name = "ex02-types"
version = "0.1.0"

[[package]]
name = "ex03-ownership"
version = "0.1.0"

[[package]]
name = "ex04-structs"
version = "0.1.0"
